
Microsoft Visual Studio Solution File, Format Version 12.00
# Visual Studio 15
VisualStudioVersion = 15.0.28307.271
MinimumVisualStudioVersion = 10.0.40219.1
Project("{FAE04EC0-301F-11D3-BF4B-00C04F79EFBC}") = "Dictonaries", "Dictonaries\Dictonaries.csproj", "{0CD180B4-984D-47FC-8185-075BA037D03B}"
EndProject
Global
	GlobalSection(SolutionConfigurationPlatforms) = preSolution
		Debug|Any CPU = Debug|Any CPU
		Release|Any CPU = Release|Any CPU
	EndGlobalSection
	GlobalSection(ProjectConfigurationPlatforms) = postSolution
		{0CD180B4-984D-47FC-8185-075BA037D03B}.Debug|Any CPU.ActiveCfg = Debug|Any CPU
		{0CD180B4-984D-47FC-8185-075BA037D03B}.Debug|Any CPU.Build.0 = Debug|Any CPU
		{0CD180B4-984D-47FC-8185-075BA037D03B}.Release|Any CPU.ActiveCfg = Release|Any CPU
		{0CD180B4-984D-47FC-8185-075BA037D03B}.Release|Any CPU.Build.0 = Release|Any CPU
	EndGlobalSection
	GlobalSection(SolutionProperties) = preSolution
		HideSolutionNode = FALSE
	EndGlobalSection
	GlobalSection(ExtensibilityGlobals) = postSolution
		SolutionGuid = {1295B121-DD56-4415-B3AF-0873863F051B}
	EndGlobalSection
EndGlobal
